{
  "version": "v1",
  "packages": {
    "pearpass-lib-ui-react-components": {
      "signature": "548e517a6f219cdc2fee1ce16772ac2d"
    },
    "pearpass-lib-vault": {
      "signature": "1c7477561cac1d8dcc85b6c425f29793"
    },
    "pearpass-lib-vault-desktop": {
      "signature": "d5ab5bfd3b5aa845e95cb96b2b64ae55"
    }
  }
}