{
  "version": "v1",
  "packages": {
    "pearpass-lib-ui-react-components": {
      "signature": "548e517a6f219cdc2fee1ce16772ac2d"
    },
    "pearpass-lib-vault": {
      "signature": "8c1aecb8a900fbcc95e97b43c61a45c8"
    },
    "pearpass-lib-vault-desktop": {
      "signature": "28709988732f77a2d0148c12a3962eb5"
    }
  }
}