{
  "version": "v1",
  "packages": {
    "pearpass-lib-ui-react-components": {
      "signature": "548e517a6f219cdc2fee1ce16772ac2d"
    },
    "pearpass-lib-vault": {
      "signature": "545b33bae0834048c5df35e8dd38ed31"
    },
    "pearpass-lib-vault-desktop": {
      "signature": "7e3f0ef54556e8dcbf6e191dfe8d884e"
    }
  }
}